
Microsoft Visual Studio Solution File, Format Version 12.00
# Visual Studio Version 17
VisualStudioVersion = 17.7.34031.279
MinimumVisualStudioVersion = 10.0.40219.1
Project("{FAE04EC0-301F-11D3-BF4B-00C04F79EFBC}") = "Zoo", "Zoo\Zoo.csproj", "{9F9E50FE-A11B-4C16-924B-D6ABC2D4091E}"
EndProject
Global
	GlobalSection(SolutionConfigurationPlatforms) = preSolution
		Debug|Any CPU = Debug|Any CPU
		Release|Any CPU = Release|Any CPU
	EndGlobalSection
	GlobalSection(ProjectConfigurationPlatforms) = postSolution
		{9F9E50FE-A11B-4C16-924B-D6ABC2D4091E}.Debug|Any CPU.ActiveCfg = Debug|Any CPU
		{9F9E50FE-A11B-4C16-924B-D6ABC2D4091E}.Debug|Any CPU.Build.0 = Debug|Any CPU
		{9F9E50FE-A11B-4C16-924B-D6ABC2D4091E}.Release|Any CPU.ActiveCfg = Release|Any CPU
		{9F9E50FE-A11B-4C16-924B-D6ABC2D4091E}.Release|Any CPU.Build.0 = Release|Any CPU
	EndGlobalSection
	GlobalSection(SolutionProperties) = preSolution
		HideSolutionNode = FALSE
	EndGlobalSection
	GlobalSection(ExtensibilityGlobals) = postSolution
		SolutionGuid = {6B45273B-AC36-4497-80E8-3EAB70D2B48E}
	EndGlobalSection
EndGlobal
